
Microsoft Visual Studio Solution File, Format Version 12.00
# Visual Studio 15
VisualStudioVersion = 15.0.28307.1340
MinimumVisualStudioVersion = 10.0.40219.1
Project("{FAE04EC0-301F-11D3-BF4B-00C04F79EFBC}") = "DataBindingWPF", "DataBindingWPF\DataBindingWPF.csproj", "{D295B8E3-7761-474A-B444-4D3C9B213D22}"
EndProject
Global
	GlobalSection(SolutionConfigurationPlatforms) = preSolution
		Debug|Any CPU = Debug|Any CPU
		Release|Any CPU = Release|Any CPU
	EndGlobalSection
	GlobalSection(ProjectConfigurationPlatforms) = postSolution
		{D295B8E3-7761-474A-B444-4D3C9B213D22}.Debug|Any CPU.ActiveCfg = Debug|Any CPU
		{D295B8E3-7761-474A-B444-4D3C9B213D22}.Debug|Any CPU.Build.0 = Debug|Any CPU
		{D295B8E3-7761-474A-B444-4D3C9B213D22}.Release|Any CPU.ActiveCfg = Release|Any CPU
		{D295B8E3-7761-474A-B444-4D3C9B213D22}.Release|Any CPU.Build.0 = Release|Any CPU
	EndGlobalSection
	GlobalSection(SolutionProperties) = preSolution
		HideSolutionNode = FALSE
	EndGlobalSection
	GlobalSection(ExtensibilityGlobals) = postSolution
		SolutionGuid = {063917B2-48FF-40DD-984D-6056AFFFEDA5}
	EndGlobalSection
EndGlobal
