
Microsoft Visual Studio Solution File, Format Version 12.00
# Visual Studio 15
VisualStudioVersion = 15.0.28307.1340
MinimumVisualStudioVersion = 10.0.40219.1
Project("{FAE04EC0-301F-11D3-BF4B-00C04F79EFBC}") = "ListBoxAndEventsWPF", "ListBoxAndEventsWPF\ListBoxAndEventsWPF.csproj", "{5C67CE0C-1811-4BB0-A308-7D7C01624097}"
EndProject
Global
	GlobalSection(SolutionConfigurationPlatforms) = preSolution
		Debug|Any CPU = Debug|Any CPU
		Release|Any CPU = Release|Any CPU
	EndGlobalSection
	GlobalSection(ProjectConfigurationPlatforms) = postSolution
		{5C67CE0C-1811-4BB0-A308-7D7C01624097}.Debug|Any CPU.ActiveCfg = Debug|Any CPU
		{5C67CE0C-1811-4BB0-A308-7D7C01624097}.Debug|Any CPU.Build.0 = Debug|Any CPU
		{5C67CE0C-1811-4BB0-A308-7D7C01624097}.Release|Any CPU.ActiveCfg = Release|Any CPU
		{5C67CE0C-1811-4BB0-A308-7D7C01624097}.Release|Any CPU.Build.0 = Release|Any CPU
	EndGlobalSection
	GlobalSection(SolutionProperties) = preSolution
		HideSolutionNode = FALSE
	EndGlobalSection
	GlobalSection(ExtensibilityGlobals) = postSolution
		SolutionGuid = {7E21A60C-46D2-452C-B59D-767A40C8A19D}
	EndGlobalSection
EndGlobal
