
Microsoft Visual Studio Solution File, Format Version 12.00
# Visual Studio 15
VisualStudioVersion = 15.0.28307.1340
MinimumVisualStudioVersion = 10.0.40219.1
Project("{FAE04EC0-301F-11D3-BF4B-00C04F79EFBC}") = "RadioButtonsAndPicturesWPF", "RadioButtonsAndPicturesWPF\RadioButtonsAndPicturesWPF.csproj", "{34F945EA-A40D-439D-B5F2-876645934F4F}"
EndProject
Global
	GlobalSection(SolutionConfigurationPlatforms) = preSolution
		Debug|Any CPU = Debug|Any CPU
		Release|Any CPU = Release|Any CPU
	EndGlobalSection
	GlobalSection(ProjectConfigurationPlatforms) = postSolution
		{34F945EA-A40D-439D-B5F2-876645934F4F}.Debug|Any CPU.ActiveCfg = Debug|Any CPU
		{34F945EA-A40D-439D-B5F2-876645934F4F}.Debug|Any CPU.Build.0 = Debug|Any CPU
		{34F945EA-A40D-439D-B5F2-876645934F4F}.Release|Any CPU.ActiveCfg = Release|Any CPU
		{34F945EA-A40D-439D-B5F2-876645934F4F}.Release|Any CPU.Build.0 = Release|Any CPU
	EndGlobalSection
	GlobalSection(SolutionProperties) = preSolution
		HideSolutionNode = FALSE
	EndGlobalSection
	GlobalSection(ExtensibilityGlobals) = postSolution
		SolutionGuid = {AE84EC6C-566F-45CD-892B-1B8088B64885}
	EndGlobalSection
EndGlobal
