
Microsoft Visual Studio Solution File, Format Version 12.00
# Visual Studio 15
VisualStudioVersion = 15.0.28307.1340
MinimumVisualStudioVersion = 10.0.40219.1
Project("{FAE04EC0-301F-11D3-BF4B-00C04F79EFBC}") = "Linq", "Linq\Linq.csproj", "{72C2C2DA-E008-4033-95B0-F36E1DC47E2E}"
EndProject
Global
	GlobalSection(SolutionConfigurationPlatforms) = preSolution
		Debug|Any CPU = Debug|Any CPU
		Release|Any CPU = Release|Any CPU
	EndGlobalSection
	GlobalSection(ProjectConfigurationPlatforms) = postSolution
		{72C2C2DA-E008-4033-95B0-F36E1DC47E2E}.Debug|Any CPU.ActiveCfg = Debug|Any CPU
		{72C2C2DA-E008-4033-95B0-F36E1DC47E2E}.Debug|Any CPU.Build.0 = Debug|Any CPU
		{72C2C2DA-E008-4033-95B0-F36E1DC47E2E}.Release|Any CPU.ActiveCfg = Release|Any CPU
		{72C2C2DA-E008-4033-95B0-F36E1DC47E2E}.Release|Any CPU.Build.0 = Release|Any CPU
	EndGlobalSection
	GlobalSection(SolutionProperties) = preSolution
		HideSolutionNode = FALSE
	EndGlobalSection
	GlobalSection(ExtensibilityGlobals) = postSolution
		SolutionGuid = {B79BCAE2-090A-44A7-AC3C-1157A2F1E597}
	EndGlobalSection
EndGlobal
